
Microsoft Visual Studio Solution File, Format Version 12.00
Project("{FAE04EC0-301F-11D3-BF4B-00C04F79EFBC}") = "ApolloTelemetry.Common", "src\ApolloTelemetry.Common\ApolloTelemetry.Common.csproj", "{7EC95FFB-04E5-4A6B-A4B6-4A05FBC957D4}"
EndProject
Project("{FAE04EC0-301F-11D3-BF4B-00C04F79EFBC}") = "ApolloTelemetry.Agent", "src\ApolloTelemetry.Agent\ApolloTelemetry.Agent.csproj", "{78225D0F-D227-486C-86DF-A9D9D7EF3F58}"
EndProject
Project("{FAE04EC0-301F-11D3-BF4B-00C04F79EFBC}") = "ApolloTelemetry.Dashboard", "src\ApolloTelemetry.Dashboard\ApolloTelemetry.Dashboard.csproj", "{165BCB70-3841-41EF-BE6D-52760AD2D824}"
EndProject
Global
	GlobalSection(SolutionConfigurationPlatforms) = preSolution
		Debug|Any CPU = Debug|Any CPU
		Release|Any CPU = Release|Any CPU
	EndGlobalSection
	GlobalSection(ProjectConfigurationPlatforms) = postSolution
		{7EC95FFB-04E5-4A6B-A4B6-4A05FBC957D4}.Debug|Any CPU.ActiveCfg = Debug|Any CPU
		{7EC95FFB-04E5-4A6B-A4B6-4A05FBC957D4}.Debug|Any CPU.Build.0 = Debug|Any CPU
		{7EC95FFB-04E5-4A6B-A4B6-4A05FBC957D4}.Release|Any CPU.ActiveCfg = Release|Any CPU
		{7EC95FFB-04E5-4A6B-A4B6-4A05FBC957D4}.Release|Any CPU.Build.0 = Release|Any CPU
		{78225D0F-D227-486C-86DF-A9D9D7EF3F58}.Debug|Any CPU.ActiveCfg = Debug|Any CPU
		{78225D0F-D227-486C-86DF-A9D9D7EF3F58}.Debug|Any CPU.Build.0 = Debug|Any CPU
		{78225D0F-D227-486C-86DF-A9D9D7EF3F58}.Release|Any CPU.ActiveCfg = Release|Any CPU
		{78225D0F-D227-486C-86DF-A9D9D7EF3F58}.Release|Any CPU.Build.0 = Release|Any CPU
		{165BCB70-3841-41EF-BE6D-52760AD2D824}.Debug|Any CPU.ActiveCfg = Debug|Any CPU
		{165BCB70-3841-41EF-BE6D-52760AD2D824}.Debug|Any CPU.Build.0 = Debug|Any CPU
		{165BCB70-3841-41EF-BE6D-52760AD2D824}.Release|Any CPU.ActiveCfg = Release|Any CPU
		{165BCB70-3841-41EF-BE6D-52760AD2D824}.Release|Any CPU.Build.0 = Release|Any CPU
	EndGlobalSection
EndGlobal
